// !$*UTF8*$!
{
	archiveVersion = 1;
	classes = {
	};
	objectVersion = 46;
	objects = {

/* Begin PBXBuildFile section */
		71C7BD321F4329DA000B3C30 /* raw_echoserver.c in Sources */ = {isa = PBXBuildFile; fileRef = 71D31A131B95E8A700C33F84 /* raw_echoserver.c */; };
		71C7BD331F432A3E000B3C30 /* event.c in Sources */ = {isa = PBXBuildFile; fileRef = 71D319D31B95E63A00C33F84 /* event.c */; };
		71C7BD341F432A44000B3C30 /* kqueue.c in Sources */ = {isa = PBXBuildFile; fileRef = 71D319D61B95E63A00C33F84 /* kqueue.c */; };
		71C7BD351F432A4D000B3C30 /* utils.c in Sources */ = {isa = PBXBuildFile; fileRef = 71D319E01B95E63B00C33F84 /* utils.c */; };
		71C7BD361F432A52000B3C30 /* timer.c in Sources */ = {isa = PBXBuildFile; fileRef = 71D319DF1B95E63A00C33F84 /* timer.c */; };
		71D319F11B95E82600C33F84 /* channel.c in Sources */ = {isa = PBXBuildFile; fileRef = 71D319CF1B95E63A00C33F84 /* channel.c */; };
		71D319F21B95E82600C33F84 /* channel.h in Headers */ = {isa = PBXBuildFile; fileRef = 71D319D01B95E63A00C33F84 /* channel.h */; };
		71D319F31B95E82600C33F84 /* epoll.c in Sources */ = {isa = PBXBuildFile; fileRef = 71D319D11B95E63A00C33F84 /* epoll.c */; };
		71D319F41B95E82600C33F84 /* event-internal.h in Headers */ = {isa = PBXBuildFile; fileRef = 71D319D21B95E63A00C33F84 /* event-internal.h */; };
		71D319F51B95E82600C33F84 /* event.c in Sources */ = {isa = PBXBuildFile; fileRef = 71D319D31B95E63A00C33F84 /* event.c */; };
		71D319F61B95E82600C33F84 /* iolayer.c in Sources */ = {isa = PBXBuildFile; fileRef = 71D319D41B95E63A00C33F84 /* iolayer.c */; };
		71D319F71B95E82600C33F84 /* iolayer.h in Headers */ = {isa = PBXBuildFile; fileRef = 71D319D51B95E63A00C33F84 /* iolayer.h */; };
		71D319F81B95E82600C33F84 /* kqueue.c in Sources */ = {isa = PBXBuildFile; fileRef = 71D319D61B95E63A00C33F84 /* kqueue.c */; };
		71D319F91B95E82600C33F84 /* message.c in Sources */ = {isa = PBXBuildFile; fileRef = 71D319D71B95E63A00C33F84 /* message.c */; };
		71D319FA1B95E82600C33F84 /* message.h in Headers */ = {isa = PBXBuildFile; fileRef = 71D319D81B95E63A00C33F84 /* message.h */; };
		71D319FB1B95E82600C33F84 /* network-internal.h in Headers */ = {isa = PBXBuildFile; fileRef = 71D319D91B95E63A00C33F84 /* network-internal.h */; };
		71D319FC1B95E82600C33F84 /* queue.h in Headers */ = {isa = PBXBuildFile; fileRef = 71D319DA1B95E63A00C33F84 /* queue.h */; };
		71D319FD1B95E82600C33F84 /* session.c in Sources */ = {isa = PBXBuildFile; fileRef = 71D319DB1B95E63A00C33F84 /* session.c */; };
		71D319FE1B95E82600C33F84 /* session.h in Headers */ = {isa = PBXBuildFile; fileRef = 71D319DC1B95E63A00C33F84 /* session.h */; };
		71D319FF1B95E82600C33F84 /* threads-internal.h in Headers */ = {isa = PBXBuildFile; fileRef = 71D319DD1B95E63A00C33F84 /* threads-internal.h */; };
		71D31A001B95E82600C33F84 /* threads.c in Sources */ = {isa = PBXBuildFile; fileRef = 71D319DE1B95E63A00C33F84 /* threads.c */; };
		71D31A011B95E82600C33F84 /* timer.c in Sources */ = {isa = PBXBuildFile; fileRef = 71D319DF1B95E63A00C33F84 /* timer.c */; };
		71D31A021B95E82600C33F84 /* utils.c in Sources */ = {isa = PBXBuildFile; fileRef = 71D319E01B95E63B00C33F84 /* utils.c */; };
		71D31A031B95E82600C33F84 /* utils.h in Headers */ = {isa = PBXBuildFile; fileRef = 71D319E11B95E63B00C33F84 /* utils.h */; };
		71D31A041B95E83700C33F84 /* event.h in Headers */ = {isa = PBXBuildFile; fileRef = 71D319E31B95E64800C33F84 /* event.h */; };
		71D31A051B95E83700C33F84 /* network.h in Headers */ = {isa = PBXBuildFile; fileRef = 71D319E41B95E64800C33F84 /* network.h */; };
		71D31A061B95E83700C33F84 /* threads.h in Headers */ = {isa = PBXBuildFile; fileRef = 71D319E51B95E64800C33F84 /* threads.h */; };
		71D31A071B95E86B00C33F84 /* Makefile in Sources */ = {isa = PBXBuildFile; fileRef = 71D319E61B95E65700C33F84 /* Makefile */; };
		71D31A2F1B95E95300C33F84 /* chatroom_server.cpp in Sources */ = {isa = PBXBuildFile; fileRef = 71D31A0C1B95E8A700C33F84 /* chatroom_server.cpp */; };
		71D31A301B95E95300C33F84 /* io.cpp in Sources */ = {isa = PBXBuildFile; fileRef = 71D31A101B95E8A700C33F84 /* io.cpp */; };
		71D31A311B95E96500C33F84 /* chatroom_client.cpp in Sources */ = {isa = PBXBuildFile; fileRef = 71D31A0B1B95E8A700C33F84 /* chatroom_client.cpp */; };
		71D31A321B95E96500C33F84 /* io.cpp in Sources */ = {isa = PBXBuildFile; fileRef = 71D31A101B95E8A700C33F84 /* io.cpp */; };
		71D31A331B95E9D000C33F84 /* channel.c in Sources */ = {isa = PBXBuildFile; fileRef = 71D319CF1B95E63A00C33F84 /* channel.c */; };
		71D31A341B95E9D000C33F84 /* event.c in Sources */ = {isa = PBXBuildFile; fileRef = 71D319D31B95E63A00C33F84 /* event.c */; };
		71D31A351B95E9D000C33F84 /* iolayer.c in Sources */ = {isa = PBXBuildFile; fileRef = 71D319D41B95E63A00C33F84 /* iolayer.c */; };
		71D31A361B95E9D000C33F84 /* kqueue.c in Sources */ = {isa = PBXBuildFile; fileRef = 71D319D61B95E63A00C33F84 /* kqueue.c */; };
		71D31A371B95E9D000C33F84 /* message.c in Sources */ = {isa = PBXBuildFile; fileRef = 71D319D71B95E63A00C33F84 /* message.c */; };
		71D31A381B95E9D000C33F84 /* session.c in Sources */ = {isa = PBXBuildFile; fileRef = 71D319DB1B95E63A00C33F84 /* session.c */; };
		71D31A391B95E9D000C33F84 /* threads.c in Sources */ = {isa = PBXBuildFile; fileRef = 71D319DE1B95E63A00C33F84 /* threads.c */; };
		71D31A3A1B95E9D000C33F84 /* timer.c in Sources */ = {isa = PBXBuildFile; fileRef = 71D319DF1B95E63A00C33F84 /* timer.c */; };
		71D31A3B1B95E9D000C33F84 /* utils.c in Sources */ = {isa = PBXBuildFile; fileRef = 71D319E01B95E63B00C33F84 /* utils.c */; };
		71D31A3C1B95E9D400C33F84 /* channel.c in Sources */ = {isa = PBXBuildFile; fileRef = 71D319CF1B95E63A00C33F84 /* channel.c */; };
		71D31A3D1B95E9D400C33F84 /* event.c in Sources */ = {isa = PBXBuildFile; fileRef = 71D319D31B95E63A00C33F84 /* event.c */; };
		71D31A3E1B95E9D400C33F84 /* iolayer.c in Sources */ = {isa = PBXBuildFile; fileRef = 71D319D41B95E63A00C33F84 /* iolayer.c */; };
		71D31A3F1B95E9D400C33F84 /* kqueue.c in Sources */ = {isa = PBXBuildFile; fileRef = 71D319D61B95E63A00C33F84 /* kqueue.c */; };
		71D31A401B95E9D400C33F84 /* message.c in Sources */ = {isa = PBXBuildFile; fileRef = 71D319D71B95E63A00C33F84 /* message.c */; };
		71D31A411B95E9D400C33F84 /* session.c in Sources */ = {isa = PBXBuildFile; fileRef = 71D319DB1B95E63A00C33F84 /* session.c */; };
		71D31A421B95E9D400C33F84 /* threads.c in Sources */ = {isa = PBXBuildFile; fileRef = 71D319DE1B95E63A00C33F84 /* threads.c */; };
		71D31A431B95E9D400C33F84 /* timer.c in Sources */ = {isa = PBXBuildFile; fileRef = 71D319DF1B95E63A00C33F84 /* timer.c */; };
		71D31A441B95E9D400C33F84 /* utils.c in Sources */ = {isa = PBXBuildFile; fileRef = 71D319E01B95E63B00C33F84 /* utils.c */; };
/* End PBXBuildFile section */

/* Begin PBXCopyFilesBuildPhase section */
		71C7BD291F4329B4000B3C30 /* CopyFiles */ = {
			isa = PBXCopyFilesBuildPhase;
			buildActionMask = 2147483647;
			dstPath = /usr/share/man/man1/;
			dstSubfolderSpec = 0;
			files = (
			);
			runOnlyForDeploymentPostprocessing = 1;
		};
		71D31A1B1B95E8FD00C33F84 /* CopyFiles */ = {
			isa = PBXCopyFilesBuildPhase;
			buildActionMask = 2147483647;
			dstPath = /usr/share/man/man1/;
			dstSubfolderSpec = 0;
			files = (
			);
			runOnlyForDeploymentPostprocessing = 1;
		};
		71D31A261B95E90E00C33F84 /* CopyFiles */ = {
			isa = PBXCopyFilesBuildPhase;
			buildActionMask = 2147483647;
			dstPath = /usr/share/man/man1/;
			dstSubfolderSpec = 0;
			files = (
			);
			runOnlyForDeploymentPostprocessing = 1;
		};
/* End PBXCopyFilesBuildPhase section */

/* Begin PBXFileReference section */
		71C7BD2B1F4329B4000B3C30 /* echoserver */ = {isa = PBXFileReference; explicitFileType = "compiled.mach-o.executable"; includeInIndex = 0; path = echoserver; sourceTree = BUILT_PRODUCTS_DIR; };
		71D319CF1B95E63A00C33F84 /* channel.c */ = {isa = PBXFileReference; fileEncoding = 4; lastKnownFileType = sourcecode.c.c; path = channel.c; sourceTree = "<group>"; };
		71D319D01B95E63A00C33F84 /* channel.h */ = {isa = PBXFileReference; fileEncoding = 4; lastKnownFileType = sourcecode.c.h; path = channel.h; sourceTree = "<group>"; };
		71D319D11B95E63A00C33F84 /* epoll.c */ = {isa = PBXFileReference; fileEncoding = 4; lastKnownFileType = sourcecode.c.c; path = epoll.c; sourceTree = "<group>"; };
		71D319D21B95E63A00C33F84 /* event-internal.h */ = {isa = PBXFileReference; fileEncoding = 4; lastKnownFileType = sourcecode.c.h; path = "event-internal.h"; sourceTree = "<group>"; };
		71D319D31B95E63A00C33F84 /* event.c */ = {isa = PBXFileReference; fileEncoding = 4; lastKnownFileType = sourcecode.c.c; path = event.c; sourceTree = "<group>"; };
		71D319D41B95E63A00C33F84 /* iolayer.c */ = {isa = PBXFileReference; fileEncoding = 4; lastKnownFileType = sourcecode.c.c; path = iolayer.c; sourceTree = "<group>"; };
		71D319D51B95E63A00C33F84 /* iolayer.h */ = {isa = PBXFileReference; fileEncoding = 4; lastKnownFileType = sourcecode.c.h; path = iolayer.h; sourceTree = "<group>"; };
		71D319D61B95E63A00C33F84 /* kqueue.c */ = {isa = PBXFileReference; fileEncoding = 4; lastKnownFileType = sourcecode.c.c; path = kqueue.c; sourceTree = "<group>"; };
		71D319D71B95E63A00C33F84 /* message.c */ = {isa = PBXFileReference; fileEncoding = 4; lastKnownFileType = sourcecode.c.c; path = message.c; sourceTree = "<group>"; };
		71D319D81B95E63A00C33F84 /* message.h */ = {isa = PBXFileReference; fileEncoding = 4; lastKnownFileType = sourcecode.c.h; path = message.h; sourceTree = "<group>"; };
		71D319D91B95E63A00C33F84 /* network-internal.h */ = {isa = PBXFileReference; fileEncoding = 4; lastKnownFileType = sourcecode.c.h; path = "network-internal.h"; sourceTree = "<group>"; };
		71D319DA1B95E63A00C33F84 /* queue.h */ = {isa = PBXFileReference; fileEncoding = 4; lastKnownFileType = sourcecode.c.h; path = queue.h; sourceTree = "<group>"; };
		71D319DB1B95E63A00C33F84 /* session.c */ = {isa = PBXFileReference; fileEncoding = 4; lastKnownFileType = sourcecode.c.c; path = session.c; sourceTree = "<group>"; };
		71D319DC1B95E63A00C33F84 /* session.h */ = {isa = PBXFileReference; fileEncoding = 4; lastKnownFileType = sourcecode.c.h; path = session.h; sourceTree = "<group>"; };
		71D319DD1B95E63A00C33F84 /* threads-internal.h */ = {isa = PBXFileReference; fileEncoding = 4; lastKnownFileType = sourcecode.c.h; path = "threads-internal.h"; sourceTree = "<group>"; };
		71D319DE1B95E63A00C33F84 /* threads.c */ = {isa = PBXFileReference; fileEncoding = 4; lastKnownFileType = sourcecode.c.c; path = threads.c; sourceTree = "<group>"; };
		71D319DF1B95E63A00C33F84 /* timer.c */ = {isa = PBXFileReference; fileEncoding = 4; lastKnownFileType = sourcecode.c.c; path = timer.c; sourceTree = "<group>"; };
		71D319E01B95E63B00C33F84 /* utils.c */ = {isa = PBXFileReference; fileEncoding = 4; lastKnownFileType = sourcecode.c.c; path = utils.c; sourceTree = "<group>"; };
		71D319E11B95E63B00C33F84 /* utils.h */ = {isa = PBXFileReference; fileEncoding = 4; lastKnownFileType = sourcecode.c.h; path = utils.h; sourceTree = "<group>"; };
		71D319E31B95E64800C33F84 /* event.h */ = {isa = PBXFileReference; fileEncoding = 4; lastKnownFileType = sourcecode.c.h; path = event.h; sourceTree = "<group>"; };
		71D319E41B95E64800C33F84 /* network.h */ = {isa = PBXFileReference; fileEncoding = 4; lastKnownFileType = sourcecode.c.h; path = network.h; sourceTree = "<group>"; };
		71D319E51B95E64800C33F84 /* threads.h */ = {isa = PBXFileReference; fileEncoding = 4; lastKnownFileType = sourcecode.c.h; path = threads.h; sourceTree = "<group>"; };
		71D319E61B95E65700C33F84 /* Makefile */ = {isa = PBXFileReference; fileEncoding = 4; lastKnownFileType = sourcecode.make; path = Makefile; sourceTree = "<group>"; };
		71D319E71B95E65700C33F84 /* README */ = {isa = PBXFileReference; fileEncoding = 4; lastKnownFileType = text; path = README; sourceTree = "<group>"; };
		71D319EC1B95E6D200C33F84 /* libevlite.dylib */ = {isa = PBXFileReference; explicitFileType = "compiled.mach-o.dylib"; includeInIndex = 0; path = libevlite.dylib; sourceTree = BUILT_PRODUCTS_DIR; };
		71D31A091B95E8A700C33F84 /* accept-lock-echoserver.c */ = {isa = PBXFileReference; lastKnownFileType = sourcecode.c.c; path = "accept-lock-echoserver.c"; sourceTree = "<group>"; };
		71D31A0A1B95E8A700C33F84 /* chatroom.h */ = {isa = PBXFileReference; lastKnownFileType = sourcecode.c.h; path = chatroom.h; sourceTree = "<group>"; };
		71D31A0B1B95E8A700C33F84 /* chatroom_client.cpp */ = {isa = PBXFileReference; lastKnownFileType = sourcecode.cpp.cpp; path = chatroom_client.cpp; sourceTree = "<group>"; };
		71D31A0C1B95E8A700C33F84 /* chatroom_server.cpp */ = {isa = PBXFileReference; lastKnownFileType = sourcecode.cpp.cpp; path = chatroom_server.cpp; sourceTree = "<group>"; };
		71D31A0D1B95E8A700C33F84 /* echoclient.cpp */ = {isa = PBXFileReference; lastKnownFileType = sourcecode.cpp.cpp; path = echoclient.cpp; sourceTree = "<group>"; };
		71D31A0E1B95E8A700C33F84 /* echoserver.cpp */ = {isa = PBXFileReference; lastKnownFileType = sourcecode.cpp.cpp; path = echoserver.cpp; sourceTree = "<group>"; };
		71D31A0F1B95E8A700C33F84 /* echostress.c */ = {isa = PBXFileReference; lastKnownFileType = sourcecode.c.c; path = echostress.c; sourceTree = "<group>"; };
		71D31A101B95E8A700C33F84 /* io.cpp */ = {isa = PBXFileReference; lastKnownFileType = sourcecode.cpp.cpp; path = io.cpp; sourceTree = "<group>"; };
		71D31A111B95E8A700C33F84 /* io.h */ = {isa = PBXFileReference; lastKnownFileType = sourcecode.c.h; path = io.h; sourceTree = "<group>"; };
		71D31A121B95E8A700C33F84 /* pingpong.c */ = {isa = PBXFileReference; lastKnownFileType = sourcecode.c.c; path = pingpong.c; sourceTree = "<group>"; };
		71D31A131B95E8A700C33F84 /* raw_echoserver.c */ = {isa = PBXFileReference; lastKnownFileType = sourcecode.c.c; path = raw_echoserver.c; sourceTree = "<group>"; };
		71D31A141B95E8A700C33F84 /* test_addtimer.c */ = {isa = PBXFileReference; lastKnownFileType = sourcecode.c.c; path = test_addtimer.c; sourceTree = "<group>"; };
		71D31A151B95E8A700C33F84 /* test_events.c */ = {isa = PBXFileReference; lastKnownFileType = sourcecode.c.c; path = test_events.c; sourceTree = "<group>"; };
		71D31A161B95E8A700C33F84 /* test_iothreads.c */ = {isa = PBXFileReference; lastKnownFileType = sourcecode.c.c; path = test_iothreads.c; sourceTree = "<group>"; };
		71D31A171B95E8A700C33F84 /* test_queue.c */ = {isa = PBXFileReference; lastKnownFileType = sourcecode.c.c; path = test_queue.c; sourceTree = "<group>"; };
		71D31A181B95E8A700C33F84 /* test_sidlist.c */ = {isa = PBXFileReference; lastKnownFileType = sourcecode.c.c; path = test_sidlist.c; sourceTree = "<group>"; };
		71D31A1D1B95E8FD00C33F84 /* chatroom_server */ = {isa = PBXFileReference; explicitFileType = "compiled.mach-o.executable"; includeInIndex = 0; path = chatroom_server; sourceTree = BUILT_PRODUCTS_DIR; };
		71D31A281B95E90E00C33F84 /* chatroom_client */ = {isa = PBXFileReference; explicitFileType = "compiled.mach-o.executable"; includeInIndex = 0; path = chatroom_client; sourceTree = BUILT_PRODUCTS_DIR; };
/* End PBXFileReference section */

/* Begin PBXFrameworksBuildPhase section */
		71C7BD281F4329B4000B3C30 /* Frameworks */ = {
			isa = PBXFrameworksBuildPhase;
			buildActionMask = 2147483647;
			files = (
			);
			runOnlyForDeploymentPostprocessing = 0;
		};
		71D319E91B95E6D200C33F84 /* Frameworks */ = {
			isa = PBXFrameworksBuildPhase;
			buildActionMask = 2147483647;
			files = (
			);
			runOnlyForDeploymentPostprocessing = 0;
		};
		71D31A1A1B95E8FD00C33F84 /* Frameworks */ = {
			isa = PBXFrameworksBuildPhase;
			buildActionMask = 2147483647;
			files = (
			);
			runOnlyForDeploymentPostprocessing = 0;
		};
		71D31A251B95E90E00C33F84 /* Frameworks */ = {
			isa = PBXFrameworksBuildPhase;
			buildActionMask = 2147483647;
			files = (
			);
			runOnlyForDeploymentPostprocessing = 0;
		};
/* End PBXFrameworksBuildPhase section */

/* Begin PBXGroup section */
		7156ECA61B95E57C00F6D4F8 = {
			isa = PBXGroup;
			children = (
				71D319E61B95E65700C33F84 /* Makefile */,
				71D319E71B95E65700C33F84 /* README */,
				71D319E21B95E64800C33F84 /* include */,
				71D319CE1B95E63A00C33F84 /* src */,
				71D31A081B95E8A700C33F84 /* test */,
				71D319ED1B95E6D200C33F84 /* Products */,
			);
			sourceTree = "<group>";
		};
		71D319CE1B95E63A00C33F84 /* src */ = {
			isa = PBXGroup;
			children = (
				71D319CF1B95E63A00C33F84 /* channel.c */,
				71D319D01B95E63A00C33F84 /* channel.h */,
				71D319D11B95E63A00C33F84 /* epoll.c */,
				71D319D21B95E63A00C33F84 /* event-internal.h */,
				71D319D31B95E63A00C33F84 /* event.c */,
				71D319D41B95E63A00C33F84 /* iolayer.c */,
				71D319D51B95E63A00C33F84 /* iolayer.h */,
				71D319D61B95E63A00C33F84 /* kqueue.c */,
				71D319D71B95E63A00C33F84 /* message.c */,
				71D319D81B95E63A00C33F84 /* message.h */,
				71D319D91B95E63A00C33F84 /* network-internal.h */,
				71D319DA1B95E63A00C33F84 /* queue.h */,
				71D319DB1B95E63A00C33F84 /* session.c */,
				71D319DC1B95E63A00C33F84 /* session.h */,
				71D319DD1B95E63A00C33F84 /* threads-internal.h */,
				71D319DE1B95E63A00C33F84 /* threads.c */,
				71D319DF1B95E63A00C33F84 /* timer.c */,
				71D319E01B95E63B00C33F84 /* utils.c */,
				71D319E11B95E63B00C33F84 /* utils.h */,
			);
			path = src;
			sourceTree = "<group>";
		};
		71D319E21B95E64800C33F84 /* include */ = {
			isa = PBXGroup;
			children = (
				71D319E31B95E64800C33F84 /* event.h */,
				71D319E41B95E64800C33F84 /* network.h */,
				71D319E51B95E64800C33F84 /* threads.h */,
			);
			path = include;
			sourceTree = "<group>";
		};
		71D319ED1B95E6D200C33F84 /* Products */ = {
			isa = PBXGroup;
			children = (
				71D319EC1B95E6D200C33F84 /* libevlite.dylib */,
				71D31A1D1B95E8FD00C33F84 /* chatroom_server */,
				71D31A281B95E90E00C33F84 /* chatroom_client */,
				71C7BD2B1F4329B4000B3C30 /* echoserver */,
			);
			name = Products;
			sourceTree = "<group>";
		};
		71D31A081B95E8A700C33F84 /* test */ = {
			isa = PBXGroup;
			children = (
				71D31A091B95E8A700C33F84 /* accept-lock-echoserver.c */,
				71D31A0A1B95E8A700C33F84 /* chatroom.h */,
				71D31A0B1B95E8A700C33F84 /* chatroom_client.cpp */,
				71D31A0C1B95E8A700C33F84 /* chatroom_server.cpp */,
				71D31A0D1B95E8A700C33F84 /* echoclient.cpp */,
				71D31A0E1B95E8A700C33F84 /* echoserver.cpp */,
				71D31A0F1B95E8A700C33F84 /* echostress.c */,
				71D31A101B95E8A700C33F84 /* io.cpp */,
				71D31A111B95E8A700C33F84 /* io.h */,
				71D31A121B95E8A700C33F84 /* pingpong.c */,
				71D31A131B95E8A700C33F84 /* raw_echoserver.c */,
				71D31A141B95E8A700C33F84 /* test_addtimer.c */,
				71D31A151B95E8A700C33F84 /* test_events.c */,
				71D31A161B95E8A700C33F84 /* test_iothreads.c */,
				71D31A171B95E8A700C33F84 /* test_queue.c */,
				71D31A181B95E8A700C33F84 /* test_sidlist.c */,
			);
			path = test;
			sourceTree = "<group>";
		};
/* End PBXGroup section */

/* Begin PBXHeadersBuildPhase section */
		71D319EA1B95E6D200C33F84 /* Headers */ = {
			isa = PBXHeadersBuildPhase;
			buildActionMask = 2147483647;
			files = (
				71D31A031B95E82600C33F84 /* utils.h in Headers */,
				71D319FE1B95E82600C33F84 /* session.h in Headers */,
				71D31A061B95E83700C33F84 /* threads.h in Headers */,
				71D319FC1B95E82600C33F84 /* queue.h in Headers */,
				71D319FA1B95E82600C33F84 /* message.h in Headers */,
				71D319F41B95E82600C33F84 /* event-internal.h in Headers */,
				71D319F21B95E82600C33F84 /* channel.h in Headers */,
				71D319FF1B95E82600C33F84 /* threads-internal.h in Headers */,
				71D319FB1B95E82600C33F84 /* network-internal.h in Headers */,
				71D319F71B95E82600C33F84 /* iolayer.h in Headers */,
				71D31A041B95E83700C33F84 /* event.h in Headers */,
				71D31A051B95E83700C33F84 /* network.h in Headers */,
			);
			runOnlyForDeploymentPostprocessing = 0;
		};
/* End PBXHeadersBuildPhase section */

/* Begin PBXNativeTarget section */
		71C7BD2A1F4329B4000B3C30 /* echoserver */ = {
			isa = PBXNativeTarget;
			buildConfigurationList = 71C7BD311F4329B4000B3C30 /* Build configuration list for PBXNativeTarget "echoserver" */;
			buildPhases = (
				71C7BD271F4329B4000B3C30 /* Sources */,
				71C7BD281F4329B4000B3C30 /* Frameworks */,
				71C7BD291F4329B4000B3C30 /* CopyFiles */,
			);
			buildRules = (
			);
			dependencies = (
			);
			name = echoserver;
			productName = echoserver;
			productReference = 71C7BD2B1F4329B4000B3C30 /* echoserver */;
			productType = "com.apple.product-type.tool";
		};
		71D319EB1B95E6D200C33F84 /* libevlite */ = {
			isa = PBXNativeTarget;
			buildConfigurationList = 71D319EE1B95E6D200C33F84 /* Build configuration list for PBXNativeTarget "libevlite" */;
			buildPhases = (
				71D319E81B95E6D200C33F84 /* Sources */,
				71D319E91B95E6D200C33F84 /* Frameworks */,
				71D319EA1B95E6D200C33F84 /* Headers */,
			);
			buildRules = (
			);
			dependencies = (
			);
			name = libevlite;
			productName = libevlite;
			productReference = 71D319EC1B95E6D200C33F84 /* libevlite.dylib */;
			productType = "com.apple.product-type.library.dynamic";
		};
		71D31A1C1B95E8FD00C33F84 /* chatroom_server */ = {
			isa = PBXNativeTarget;
			buildConfigurationList = 71D31A211B95E8FD00C33F84 /* Build configuration list for PBXNativeTarget "chatroom_server" */;
			buildPhases = (
				71D31A191B95E8FD00C33F84 /* Sources */,
				71D31A1A1B95E8FD00C33F84 /* Frameworks */,
				71D31A1B1B95E8FD00C33F84 /* CopyFiles */,
			);
			buildRules = (
			);
			dependencies = (
			);
			name = chatroom_server;
			productName = chatroom_server;
			productReference = 71D31A1D1B95E8FD00C33F84 /* chatroom_server */;
			productType = "com.apple.product-type.tool";
		};
		71D31A271B95E90E00C33F84 /* chatroom_client */ = {
			isa = PBXNativeTarget;
			buildConfigurationList = 71D31A2C1B95E90E00C33F84 /* Build configuration list for PBXNativeTarget "chatroom_client" */;
			buildPhases = (
				71D31A241B95E90E00C33F84 /* Sources */,
				71D31A251B95E90E00C33F84 /* Frameworks */,
				71D31A261B95E90E00C33F84 /* CopyFiles */,
			);
			buildRules = (
			);
			dependencies = (
			);
			name = chatroom_client;
			productName = chatroom_client;
			productReference = 71D31A281B95E90E00C33F84 /* chatroom_client */;
			productType = "com.apple.product-type.tool";
		};
/* End PBXNativeTarget section */

/* Begin PBXProject section */
		7156ECA71B95E57C00F6D4F8 /* Project object */ = {
			isa = PBXProject;
			attributes = {
				LastUpgradeCheck = 0830;
				ORGANIZATIONNAME = "Ray Zhang";
				TargetAttributes = {
					71C7BD2A1F4329B4000B3C30 = {
						CreatedOnToolsVersion = 8.3.3;
						ProvisioningStyle = Automatic;
					};
					71D319EB1B95E6D200C33F84 = {
						CreatedOnToolsVersion = 6.2;
					};
					71D31A1C1B95E8FD00C33F84 = {
						CreatedOnToolsVersion = 6.2;
					};
					71D31A271B95E90E00C33F84 = {
						CreatedOnToolsVersion = 6.2;
					};
				};
			};
			buildConfigurationList = 7156ECAA1B95E57C00F6D4F8 /* Build configuration list for PBXProject "libevlite" */;
			compatibilityVersion = "Xcode 3.2";
			developmentRegion = English;
			hasScannedForEncodings = 0;
			knownRegions = (
				en,
			);
			mainGroup = 7156ECA61B95E57C00F6D4F8;
			productRefGroup = 71D319ED1B95E6D200C33F84 /* Products */;
			projectDirPath = "";
			projectRoot = "";
			targets = (
				71D319EB1B95E6D200C33F84 /* libevlite */,
				71D31A1C1B95E8FD00C33F84 /* chatroom_server */,
				71D31A271B95E90E00C33F84 /* chatroom_client */,
				71C7BD2A1F4329B4000B3C30 /* echoserver */,
			);
		};
/* End PBXProject section */

/* Begin PBXSourcesBuildPhase section */
		71C7BD271F4329B4000B3C30 /* Sources */ = {
			isa = PBXSourcesBuildPhase;
			buildActionMask = 2147483647;
			files = (
				71C7BD341F432A44000B3C30 /* kqueue.c in Sources */,
				71C7BD351F432A4D000B3C30 /* utils.c in Sources */,
				71C7BD361F432A52000B3C30 /* timer.c in Sources */,
				71C7BD331F432A3E000B3C30 /* event.c in Sources */,
				71C7BD321F4329DA000B3C30 /* raw_echoserver.c in Sources */,
			);
			runOnlyForDeploymentPostprocessing = 0;
		};
		71D319E81B95E6D200C33F84 /* Sources */ = {
			isa = PBXSourcesBuildPhase;
			buildActionMask = 2147483647;
			files = (
				71D31A011B95E82600C33F84 /* timer.c in Sources */,
				71D319F81B95E82600C33F84 /* kqueue.c in Sources */,
				71D319F51B95E82600C33F84 /* event.c in Sources */,
				71D31A071B95E86B00C33F84 /* Makefile in Sources */,
				71D319F31B95E82600C33F84 /* epoll.c in Sources */,
				71D319F91B95E82600C33F84 /* message.c in Sources */,
				71D31A021B95E82600C33F84 /* utils.c in Sources */,
				71D319FD1B95E82600C33F84 /* session.c in Sources */,
				71D31A001B95E82600C33F84 /* threads.c in Sources */,
				71D319F11B95E82600C33F84 /* channel.c in Sources */,
				71D319F61B95E82600C33F84 /* iolayer.c in Sources */,
			);
			runOnlyForDeploymentPostprocessing = 0;
		};
		71D31A191B95E8FD00C33F84 /* Sources */ = {
			isa = PBXSourcesBuildPhase;
			buildActionMask = 2147483647;
			files = (
				71D31A381B95E9D000C33F84 /* session.c in Sources */,
				71D31A301B95E95300C33F84 /* io.cpp in Sources */,
				71D31A3A1B95E9D000C33F84 /* timer.c in Sources */,
				71D31A391B95E9D000C33F84 /* threads.c in Sources */,
				71D31A2F1B95E95300C33F84 /* chatroom_server.cpp in Sources */,
				71D31A361B95E9D000C33F84 /* kqueue.c in Sources */,
				71D31A331B95E9D000C33F84 /* channel.c in Sources */,
				71D31A341B95E9D000C33F84 /* event.c in Sources */,
				71D31A3B1B95E9D000C33F84 /* utils.c in Sources */,
				71D31A351B95E9D000C33F84 /* iolayer.c in Sources */,
				71D31A371B95E9D000C33F84 /* message.c in Sources */,
			);
			runOnlyForDeploymentPostprocessing = 0;
		};
		71D31A241B95E90E00C33F84 /* Sources */ = {
			isa = PBXSourcesBuildPhase;
			buildActionMask = 2147483647;
			files = (
				71D31A411B95E9D400C33F84 /* session.c in Sources */,
				71D31A321B95E96500C33F84 /* io.cpp in Sources */,
				71D31A431B95E9D400C33F84 /* timer.c in Sources */,
				71D31A421B95E9D400C33F84 /* threads.c in Sources */,
				71D31A311B95E96500C33F84 /* chatroom_client.cpp in Sources */,
				71D31A3F1B95E9D400C33F84 /* kqueue.c in Sources */,
				71D31A3C1B95E9D400C33F84 /* channel.c in Sources */,
				71D31A3D1B95E9D400C33F84 /* event.c in Sources */,
				71D31A441B95E9D400C33F84 /* utils.c in Sources */,
				71D31A3E1B95E9D400C33F84 /* iolayer.c in Sources */,
				71D31A401B95E9D400C33F84 /* message.c in Sources */,
			);
			runOnlyForDeploymentPostprocessing = 0;
		};
/* End PBXSourcesBuildPhase section */

/* Begin XCBuildConfiguration section */
		7156ECAC1B95E57C00F6D4F8 /* Debug */ = {
			isa = XCBuildConfiguration;
			buildSettings = {
				ALWAYS_SEARCH_USER_PATHS = NO;
				CLANG_CXX_LANGUAGE_STANDARD = "gnu++98";
				CLANG_CXX_LIBRARY = "compiler-default";
				CLANG_ENABLE_MODULES = YES;
				CLANG_ENABLE_OBJC_ARC = YES;
				CLANG_WARN_BOOL_CONVERSION = YES;
				CLANG_WARN_CONSTANT_CONVERSION = YES;
				CLANG_WARN_DIRECT_OBJC_ISA_USAGE = YES_ERROR;
				CLANG_WARN_EMPTY_BODY = YES;
				CLANG_WARN_ENUM_CONVERSION = YES;
				CLANG_WARN_INFINITE_RECURSION = YES;
				CLANG_WARN_INT_CONVERSION = YES;
				CLANG_WARN_OBJC_ROOT_CLASS = YES_ERROR;
				CLANG_WARN_SUSPICIOUS_MOVE = YES;
				CLANG_WARN_UNREACHABLE_CODE = YES;
				CLANG_WARN__DUPLICATE_METHOD_MATCH = YES;
				COPY_PHASE_STRIP = NO;
				ENABLE_STRICT_OBJC_MSGSEND = YES;
				ENABLE_TESTABILITY = YES;
				GCC_C_LANGUAGE_STANDARD = gnu99;
				GCC_DYNAMIC_NO_PIC = NO;
				GCC_NO_COMMON_BLOCKS = YES;
				GCC_OPTIMIZATION_LEVEL = 0;
				GCC_PREPROCESSOR_DEFINITIONS = (
					"DEBUG=1",
					"$(inherited)",
				);
				GCC_SYMBOLS_PRIVATE_EXTERN = NO;
				GCC_WARN_64_TO_32_BIT_CONVERSION = YES;
				GCC_WARN_ABOUT_RETURN_TYPE = YES_ERROR;
				GCC_WARN_UNDECLARED_SELECTOR = YES;
				GCC_WARN_UNINITIALIZED_AUTOS = YES_AGGRESSIVE;
				GCC_WARN_UNUSED_FUNCTION = YES;
				GCC_WARN_UNUSED_VARIABLE = YES;
				MACOSX_DEPLOYMENT_TARGET = 10.9;
				MTL_ENABLE_DEBUG_INFO = YES;
				ONLY_ACTIVE_ARCH = YES;
				SDKROOT = macosx;
				WARNING_CFLAGS = "-Wno-format";
			};
			name = Debug;
		};
		7156ECAD1B95E57C00F6D4F8 /* Release */ = {
			isa = XCBuildConfiguration;
			buildSettings = {
				ALWAYS_SEARCH_USER_PATHS = NO;
				CLANG_CXX_LANGUAGE_STANDARD = "gnu++98";
				CLANG_CXX_LIBRARY = "compiler-default";
				CLANG_ENABLE_MODULES = YES;
				CLANG_ENABLE_OBJC_ARC = YES;
				CLANG_WARN_BOOL_CONVERSION = YES;
				CLANG_WARN_CONSTANT_CONVERSION = YES;
				CLANG_WARN_DIRECT_OBJC_ISA_USAGE = YES_ERROR;
				CLANG_WARN_EMPTY_BODY = YES;
				CLANG_WARN_ENUM_CONVERSION = YES;
				CLANG_WARN_INFINITE_RECURSION = YES;
				CLANG_WARN_INT_CONVERSION = YES;
				CLANG_WARN_OBJC_ROOT_CLASS = YES_ERROR;
				CLANG_WARN_SUSPICIOUS_MOVE = YES;
				CLANG_WARN_UNREACHABLE_CODE = YES;
				CLANG_WARN__DUPLICATE_METHOD_MATCH = YES;
				COPY_PHASE_STRIP = NO;
				DEBUG_INFORMATION_FORMAT = "dwarf-with-dsym";
				ENABLE_NS_ASSERTIONS = NO;
				ENABLE_STRICT_OBJC_MSGSEND = YES;
				GCC_C_LANGUAGE_STANDARD = gnu99;
				GCC_NO_COMMON_BLOCKS = YES;
				GCC_WARN_64_TO_32_BIT_CONVERSION = YES;
				GCC_WARN_ABOUT_RETURN_TYPE = YES_ERROR;
				GCC_WARN_UNDECLARED_SELECTOR = YES;
				GCC_WARN_UNINITIALIZED_AUTOS = YES_AGGRESSIVE;
				GCC_WARN_UNUSED_FUNCTION = YES;
				GCC_WARN_UNUSED_VARIABLE = YES;
				MACOSX_DEPLOYMENT_TARGET = 10.9;
				MTL_ENABLE_DEBUG_INFO = NO;
				SDKROOT = macosx;
				WARNING_CFLAGS = "-Wno-format";
			};
			name = Release;
		};
		71C7BD2F1F4329B4000B3C30 /* Debug */ = {
			isa = XCBuildConfiguration;
			buildSettings = {
				CLANG_ANALYZER_NONNULL = YES;
				CLANG_ANALYZER_NUMBER_OBJECT_CONVERSION = YES_AGGRESSIVE;
				CLANG_CXX_LANGUAGE_STANDARD = "gnu++0x";
				CLANG_CXX_LIBRARY = "libc++";
				CLANG_WARN_DOCUMENTATION_COMMENTS = YES;
				CODE_SIGN_IDENTITY = "-";
				DEBUG_INFORMATION_FORMAT = dwarf;
				MACOSX_DEPLOYMENT_TARGET = 10.12;
				PRODUCT_NAME = "$(TARGET_NAME)";
			};
			name = Debug;
		};
		71C7BD301F4329B4000B3C30 /* Release */ = {
			isa = XCBuildConfiguration;
			buildSettings = {
				CLANG_ANALYZER_NONNULL = YES;
				CLANG_ANALYZER_NUMBER_OBJECT_CONVERSION = YES_AGGRESSIVE;
				CLANG_CXX_LANGUAGE_STANDARD = "gnu++0x";
				CLANG_CXX_LIBRARY = "libc++";
				CLANG_WARN_DOCUMENTATION_COMMENTS = YES;
				CODE_SIGN_IDENTITY = "-";
				MACOSX_DEPLOYMENT_TARGET = 10.12;
				PRODUCT_NAME = "$(TARGET_NAME)";
			};
			name = Release;
		};
		71D319EF1B95E6D200C33F84 /* Debug */ = {
			isa = XCBuildConfiguration;
			buildSettings = {
				DYLIB_COMPATIBILITY_VERSION = 9;
				DYLIB_CURRENT_VERSION = 9.4.1;
				EXECUTABLE_PREFIX = "";
				GCC_PREPROCESSOR_DEFINITIONS = (
					"DEBUG=1",
					"$(inherited)",
				);
				PRODUCT_NAME = "$(TARGET_NAME)";
			};
			name = Debug;
		};
		71D319F01B95E6D200C33F84 /* Release */ = {
			isa = XCBuildConfiguration;
			buildSettings = {
				DYLIB_COMPATIBILITY_VERSION = 9;
				DYLIB_CURRENT_VERSION = 9.4.1;
				EXECUTABLE_PREFIX = "";
				PRODUCT_NAME = "$(TARGET_NAME)";
			};
			name = Release;
		};
		71D31A221B95E8FD00C33F84 /* Debug */ = {
			isa = XCBuildConfiguration;
			buildSettings = {
				GCC_PREPROCESSOR_DEFINITIONS = (
					"DEBUG=1",
					"$(inherited)",
				);
				PRODUCT_NAME = "$(TARGET_NAME)";
			};
			name = Debug;
		};
		71D31A231B95E8FD00C33F84 /* Release */ = {
			isa = XCBuildConfiguration;
			buildSettings = {
				PRODUCT_NAME = "$(TARGET_NAME)";
			};
			name = Release;
		};
		71D31A2D1B95E90E00C33F84 /* Debug */ = {
			isa = XCBuildConfiguration;
			buildSettings = {
				GCC_PREPROCESSOR_DEFINITIONS = (
					"DEBUG=1",
					"$(inherited)",
				);
				PRODUCT_NAME = "$(TARGET_NAME)";
			};
			name = Debug;
		};
		71D31A2E1B95E90E00C33F84 /* Release */ = {
			isa = XCBuildConfiguration;
			buildSettings = {
				PRODUCT_NAME = "$(TARGET_NAME)";
			};
			name = Release;
		};
/* End XCBuildConfiguration section */

/* Begin XCConfigurationList section */
		7156ECAA1B95E57C00F6D4F8 /* Build configuration list for PBXProject "libevlite" */ = {
			isa = XCConfigurationList;
			buildConfigurations = (
				7156ECAC1B95E57C00F6D4F8 /* Debug */,
				7156ECAD1B95E57C00F6D4F8 /* Release */,
			);
			defaultConfigurationIsVisible = 0;
			defaultConfigurationName = Release;
		};
		71C7BD311F4329B4000B3C30 /* Build configuration list for PBXNativeTarget "echoserver" */ = {
			isa = XCConfigurationList;
			buildConfigurations = (
				71C7BD2F1F4329B4000B3C30 /* Debug */,
				71C7BD301F4329B4000B3C30 /* Release */,
			);
			defaultConfigurationIsVisible = 0;
		};
		71D319EE1B95E6D200C33F84 /* Build configuration list for PBXNativeTarget "libevlite" */ = {
			isa = XCConfigurationList;
			buildConfigurations = (
				71D319EF1B95E6D200C33F84 /* Debug */,
				71D319F01B95E6D200C33F84 /* Release */,
			);
			defaultConfigurationIsVisible = 0;
			defaultConfigurationName = Release;
		};
		71D31A211B95E8FD00C33F84 /* Build configuration list for PBXNativeTarget "chatroom_server" */ = {
			isa = XCConfigurationList;
			buildConfigurations = (
				71D31A221B95E8FD00C33F84 /* Debug */,
				71D31A231B95E8FD00C33F84 /* Release */,
			);
			defaultConfigurationIsVisible = 0;
			defaultConfigurationName = Release;
		};
		71D31A2C1B95E90E00C33F84 /* Build configuration list for PBXNativeTarget "chatroom_client" */ = {
			isa = XCConfigurationList;
			buildConfigurations = (
				71D31A2D1B95E90E00C33F84 /* Debug */,
				71D31A2E1B95E90E00C33F84 /* Release */,
			);
			defaultConfigurationIsVisible = 0;
			defaultConfigurationName = Release;
		};
/* End XCConfigurationList section */
	};
	rootObject = 7156ECA71B95E57C00F6D4F8 /* Project object */;
}
